// !$*UTF8*$!
{
	archiveVersion = 1;
	classes = {
	};
	objectVersion = 56;
	objects = {

/* Begin PBXBuildFile section */
		E40135302C6DDF8800280207 /* AddButtonView.swift in Sources */ = {isa = PBXBuildFile; fileRef = E401352F2C6DDF8800280207 /* AddButtonView.swift */; };
		E40A4EE92C4FFBA100167FBD /* BarcodeScannerViewModel.swift in Sources */ = {isa = PBXBuildFile; fileRef = E40A4EE82C4FFBA100167FBD /* BarcodeScannerViewModel.swift */; };
		E40A4EEB2C4FFCAF00167FBD /* DataScannerView.swift in Sources */ = {isa = PBXBuildFile; fileRef = E40A4EEA2C4FFCAF00167FBD /* DataScannerView.swift */; };
		E40A4EED2C4FFDA700167FBD /* BarcodeScannerView.swift in Sources */ = {isa = PBXBuildFile; fileRef = E40A4EEC2C4FFDA700167FBD /* BarcodeScannerView.swift */; };
		E40A4EF12C513D6D00167FBD /* IntroView.swift in Sources */ = {isa = PBXBuildFile; fileRef = E40A4EF02C513D6D00167FBD /* IntroView.swift */; };
		E40A4EF32C51462900167FBD /* LogInView.swift in Sources */ = {isa = PBXBuildFile; fileRef = E40A4EF22C51462900167FBD /* LogInView.swift */; };
		E40A4EF52C51500400167FBD /* CreateUserView.swift in Sources */ = {isa = PBXBuildFile; fileRef = E40A4EF42C51500400167FBD /* CreateUserView.swift */; };
		E40A4EF72C515CCC00167FBD /* WelcomeView.swift in Sources */ = {isa = PBXBuildFile; fileRef = E40A4EF62C515CCC00167FBD /* WelcomeView.swift */; };
		E40A4EF92C52359C00167FBD /* ErrorCases.swift in Sources */ = {isa = PBXBuildFile; fileRef = E40A4EF82C52359C00167FBD /* ErrorCases.swift */; };
		E40A4EFF2C5293EC00167FBD /* SignInView.swift in Sources */ = {isa = PBXBuildFile; fileRef = E40A4EFE2C5293EC00167FBD /* SignInView.swift */; };
		E40A4F012C52A3F700167FBD /* TestView.swift in Sources */ = {isa = PBXBuildFile; fileRef = E40A4F002C52A3F700167FBD /* TestView.swift */; };
		E40A4F052C53C22E00167FBD /* ProductItem.swift in Sources */ = {isa = PBXBuildFile; fileRef = E40A4F042C53C22E00167FBD /* ProductItem.swift */; };
		E40A4F0A2C541AC300167FBD /* GreenGradient.swift in Sources */ = {isa = PBXBuildFile; fileRef = E40A4F092C541AC300167FBD /* GreenGradient.swift */; };
		E40A4F0C2C541BFC00167FBD /* ProfileView.swift in Sources */ = {isa = PBXBuildFile; fileRef = E40A4F0B2C541BFC00167FBD /* ProfileView.swift */; };
		E40A4F102C5424BC00167FBD /* GlobalResults.swift in Sources */ = {isa = PBXBuildFile; fileRef = E40A4F0F2C5424BC00167FBD /* GlobalResults.swift */; };
		E425DDBE2C6D0CE400A8AC94 /* AssistantToolbar.swift in Sources */ = {isa = PBXBuildFile; fileRef = E425DDBD2C6D0CE400A8AC94 /* AssistantToolbar.swift */; };
		E426B5EF2CAC2C1B00F6BA26 /* TempHintView.swift in Sources */ = {isa = PBXBuildFile; fileRef = E426B5EE2CAC2C1B00F6BA26 /* TempHintView.swift */; };
		E426B5F12CAC383100F6BA26 /* HintView.swift in Sources */ = {isa = PBXBuildFile; fileRef = E426B5F02CAC383100F6BA26 /* HintView.swift */; };
		E426B5F32CAC4C7E00F6BA26 /* TakePhotoButtonView.swift in Sources */ = {isa = PBXBuildFile; fileRef = E426B5F22CAC4C7E00F6BA26 /* TakePhotoButtonView.swift */; };
		E426B5F52CAC50BF00F6BA26 /* CameraZoneFrameView.swift in Sources */ = {isa = PBXBuildFile; fileRef = E426B5F42CAC50BF00F6BA26 /* CameraZoneFrameView.swift */; };
		E426B5F72CAD0E3D00F6BA26 /* BarcodeFrameView.swift in Sources */ = {isa = PBXBuildFile; fileRef = E426B5F62CAD0E3D00F6BA26 /* BarcodeFrameView.swift */; };
		E426B5F92CAD287300F6BA26 /* PremiumButtonView.swift in Sources */ = {isa = PBXBuildFile; fileRef = E426B5F82CAD287300F6BA26 /* PremiumButtonView.swift */; };
		E426B5FC2CB4EA2A00F6BA26 /* RBarChartGround.swift in Sources */ = {isa = PBXBuildFile; fileRef = E426B5FB2CB4EA2A00F6BA26 /* RBarChartGround.swift */; };
		E426B5FE2CB4EB1E00F6BA26 /* RBarChartView.swift in Sources */ = {isa = PBXBuildFile; fileRef = E426B5FD2CB4EB1E00F6BA26 /* RBarChartView.swift */; };
		E42FB57A2C6936350092C09F /* GoogleService-Info.plist in Resources */ = {isa = PBXBuildFile; fileRef = E4AA7C442C5CCDDF000C83D0 /* GoogleService-Info.plist */; };
		E42FB57C2C6A14400092C09F /* StringExtension.swift in Sources */ = {isa = PBXBuildFile; fileRef = E42FB57B2C6A14400092C09F /* StringExtension.swift */; };
		E42FB57E2C6B98170092C09F /* SubmitImageView.swift in Sources */ = {isa = PBXBuildFile; fileRef = E42FB57D2C6B98170092C09F /* SubmitImageView.swift */; };
		E42FB5812C6B986E0092C09F /* ImageModel.swift in Sources */ = {isa = PBXBuildFile; fileRef = E42FB5802C6B986E0092C09F /* ImageModel.swift */; };
		E430142C2CAC293E0070383C /* PremiumOldIconView.swift in Sources */ = {isa = PBXBuildFile; fileRef = E430142B2CAC293E0070383C /* PremiumOldIconView.swift */; };
		E44101432C969D7B00326C3A /* SubsciptionView.swift in Sources */ = {isa = PBXBuildFile; fileRef = E44101422C969D7B00326C3A /* SubsciptionView.swift */; };
		E44101472C96A0C000326C3A /* TitleLabelView.swift in Sources */ = {isa = PBXBuildFile; fileRef = E44101462C96A0C000326C3A /* TitleLabelView.swift */; };
		E44101492C96A68B00326C3A /* SubscriptionHeaderView.swift in Sources */ = {isa = PBXBuildFile; fileRef = E44101482C96A68B00326C3A /* SubscriptionHeaderView.swift */; };
		E441014B2C96A6CC00326C3A /* SubscriptionFeatureListView.swift in Sources */ = {isa = PBXBuildFile; fileRef = E441014A2C96A6CC00326C3A /* SubscriptionFeatureListView.swift */; };
		E441014D2C96A72700326C3A /* SubscriptionButtonView.swift in Sources */ = {isa = PBXBuildFile; fileRef = E441014C2C96A72700326C3A /* SubscriptionButtonView.swift */; };
		E441014F2C96A76C00326C3A /* SubscriptionFooterView.swift in Sources */ = {isa = PBXBuildFile; fileRef = E441014E2C96A76C00326C3A /* SubscriptionFooterView.swift */; };
		E44101552C99A6BC00326C3A /* AnimatedBackgroundView.swift in Sources */ = {isa = PBXBuildFile; fileRef = E44101542C99A6BC00326C3A /* AnimatedBackgroundView.swift */; };
		E44101572C99D36E00326C3A /* OnboardingPanelView.swift in Sources */ = {isa = PBXBuildFile; fileRef = E44101562C99D36E00326C3A /* OnboardingPanelView.swift */; };
		E44101592C99E06F00326C3A /* OnboardingView.swift in Sources */ = {isa = PBXBuildFile; fileRef = E44101582C99E06F00326C3A /* OnboardingView.swift */; };
		E441FBF62C6366CE0081317B /* FileManagerExtension.swift in Sources */ = {isa = PBXBuildFile; fileRef = E441FBF52C6366CE0081317B /* FileManagerExtension.swift */; };
		E441FBF82C636B930081317B /* CartViewModel.swift in Sources */ = {isa = PBXBuildFile; fileRef = E441FBF72C636B930081317B /* CartViewModel.swift */; };
		E441FBFA2C639FAD0081317B /* BindingExtension.swift in Sources */ = {isa = PBXBuildFile; fileRef = E441FBF92C639FAD0081317B /* BindingExtension.swift */; };
		E45956482C4C313C000B5058 /* DataManager.swift in Sources */ = {isa = PBXBuildFile; fileRef = E45956472C4C313C000B5058 /* DataManager.swift */; };
		E459565B2C4D5A8C000B5058 /* ProductItemView.swift in Sources */ = {isa = PBXBuildFile; fileRef = E459565A2C4D5A8C000B5058 /* ProductItemView.swift */; };
		E45956612C4E1355000B5058 /* HealthManager.swift in Sources */ = {isa = PBXBuildFile; fileRef = E45956602C4E1355000B5058 /* HealthManager.swift */; };
		E45956662C4E1548000B5058 /* HealthView.swift in Sources */ = {isa = PBXBuildFile; fileRef = E45956652C4E1548000B5058 /* HealthView.swift */; };
		E45956682C4E1908000B5058 /* StatsView.swift in Sources */ = {isa = PBXBuildFile; fileRef = E45956672C4E1908000B5058 /* StatsView.swift */; };
		E459566F2C4E76A8000B5058 /* HistoryView.swift in Sources */ = {isa = PBXBuildFile; fileRef = E459566E2C4E76A8000B5058 /* HistoryView.swift */; };
		E45956712C4FB3C1000B5058 /* ConnectionView.swift in Sources */ = {isa = PBXBuildFile; fileRef = E45956702C4FB3C1000B5058 /* ConnectionView.swift */; };
		E48090792CA5A09A0027AF12 /* OnboardingTransitionView.swift in Sources */ = {isa = PBXBuildFile; fileRef = E48090782CA5A09A0027AF12 /* OnboardingTransitionView.swift */; };
		E480907B2CA5B6220027AF12 /* PaywallView.swift in Sources */ = {isa = PBXBuildFile; fileRef = E480907A2CA5B6220027AF12 /* PaywallView.swift */; };
		E480907D2CA5B6F70027AF12 /* OnboardingImageView.swift in Sources */ = {isa = PBXBuildFile; fileRef = E480907C2CA5B6F70027AF12 /* OnboardingImageView.swift */; };
		E48090852CA7F68B0027AF12 /* ColorExtension.swift in Sources */ = {isa = PBXBuildFile; fileRef = E48090842CA7F68B0027AF12 /* ColorExtension.swift */; };
		E480908F2CAAA3AD0027AF12 /* BottomContainer.swift in Sources */ = {isa = PBXBuildFile; fileRef = E480908E2CAAA3AD0027AF12 /* BottomContainer.swift */; };
		E48090912CAAA5650027AF12 /* CornerIconView.swift in Sources */ = {isa = PBXBuildFile; fileRef = E48090902CAAA5650027AF12 /* CornerIconView.swift */; };
		E48090932CAAAE960027AF12 /* CornerIconWInfoView.swift in Sources */ = {isa = PBXBuildFile; fileRef = E48090922CAAAE960027AF12 /* CornerIconWInfoView.swift */; };
		E48090962CAAE6FC0027AF12 /* PremiumIconView.swift in Sources */ = {isa = PBXBuildFile; fileRef = E48090952CAAE6FC0027AF12 /* PremiumIconView.swift */; };
		E4A955892C3C5980009D7F11 /* YukaAIApp.swift in Sources */ = {isa = PBXBuildFile; fileRef = E4A955882C3C5980009D7F11 /* YukaAIApp.swift */; };
		E4A9558B2C3C5980009D7F11 /* HomeView.swift in Sources */ = {isa = PBXBuildFile; fileRef = E4A9558A2C3C5980009D7F11 /* HomeView.swift */; };
		E4A9558D2C3C5982009D7F11 /* Assets.xcassets in Resources */ = {isa = PBXBuildFile; fileRef = E4A9558C2C3C5982009D7F11 /* Assets.xcassets */; };
		E4A955902C3C5982009D7F11 /* Preview Assets.xcassets in Resources */ = {isa = PBXBuildFile; fileRef = E4A9558F2C3C5982009D7F11 /* Preview Assets.xcassets */; };
		E4AA7C2C2C58CE9A000C83D0 /* ProductItemVM.swift in Sources */ = {isa = PBXBuildFile; fileRef = E4AA7C2B2C58CE9A000C83D0 /* ProductItemVM.swift */; };
		E4AA7C2E2C5929F5000C83D0 /* LightGreenGradient.swift in Sources */ = {isa = PBXBuildFile; fileRef = E4AA7C2D2C5929F5000C83D0 /* LightGreenGradient.swift */; };
		E4AA7C312C592B78000C83D0 /* LightRedGradient.swift in Sources */ = {isa = PBXBuildFile; fileRef = E4AA7C302C592B78000C83D0 /* LightRedGradient.swift */; };
		E4AA7C332C592B89000C83D0 /* LightYellowGradient.swift in Sources */ = {isa = PBXBuildFile; fileRef = E4AA7C322C592B89000C83D0 /* LightYellowGradient.swift */; };
		E4AA7C3D2C5A0F5B000C83D0 /* OpenAI in Frameworks */ = {isa = PBXBuildFile; productRef = E4AA7C3C2C5A0F5B000C83D0 /* OpenAI */; };
		E4AA7C3F2C5A19A6000C83D0 /* AssistantView.swift in Sources */ = {isa = PBXBuildFile; fileRef = E4AA7C3E2C5A19A6000C83D0 /* AssistantView.swift */; };
		E4AA7C412C5A22E6000C83D0 /* Constants.swift in Sources */ = {isa = PBXBuildFile; fileRef = E4AA7C402C5A22E6000C83D0 /* Constants.swift */; };
		E4AA7C432C5A9924000C83D0 /* AssistantVM.swift in Sources */ = {isa = PBXBuildFile; fileRef = E4AA7C422C5A9924000C83D0 /* AssistantVM.swift */; };
		E4AFD8FE2C63DB1300DB57D4 /* UserDefaultsExtension.swift in Sources */ = {isa = PBXBuildFile; fileRef = E4AFD8FD2C63DB1300DB57D4 /* UserDefaultsExtension.swift */; };
		E4AFD9042C64B3A600DB57D4 /* HapticManager.swift in Sources */ = {isa = PBXBuildFile; fileRef = E4AFD9032C64B3A600DB57D4 /* HapticManager.swift */; };
		E4AFD9062C64DCF900DB57D4 /* HelperBottomSectionView.swift in Sources */ = {isa = PBXBuildFile; fileRef = E4AFD9052C64DCF900DB57D4 /* HelperBottomSectionView.swift */; };
		E4AFD90A2C64FB4F00DB57D4 /* AssistantAdviceView.swift in Sources */ = {isa = PBXBuildFile; fileRef = E4AFD9092C64FB4F00DB57D4 /* AssistantAdviceView.swift */; };
		E4AFD90C2C65F9AB00DB57D4 /* MyDefaultPressableButton.swift in Sources */ = {isa = PBXBuildFile; fileRef = E4AFD90B2C65F9AB00DB57D4 /* MyDefaultPressableButton.swift */; };
		E4AFD90E2C660F8100DB57D4 /* AssistantFileManager.swift in Sources */ = {isa = PBXBuildFile; fileRef = E4AFD90D2C660F8100DB57D4 /* AssistantFileManager.swift */; };
		E4AFD9112C66169A00DB57D4 /* SemiCircle.swift in Sources */ = {isa = PBXBuildFile; fileRef = E4AFD9102C66169A00DB57D4 /* SemiCircle.swift */; };
		E4AFD9132C661E8400DB57D4 /* ShowIndicatorView.swift in Sources */ = {isa = PBXBuildFile; fileRef = E4AFD9122C661E8400DB57D4 /* ShowIndicatorView.swift */; };
		E4AFD9172C66495600DB57D4 /* NavButtonView.swift in Sources */ = {isa = PBXBuildFile; fileRef = E4AFD9162C66495600DB57D4 /* NavButtonView.swift */; };
		E4AFD9582C6767C100DB57D4 /* PieChartCell.swift in Sources */ = {isa = PBXBuildFile; fileRef = E4AFD9512C6767C100DB57D4 /* PieChartCell.swift */; };
		E4AFD9592C6767C100DB57D4 /* BarChartView.swift in Sources */ = {isa = PBXBuildFile; fileRef = E4AFD9452C6767C100DB57D4 /* BarChartView.swift */; };
		E4AFD95A2C6767C100DB57D4 /* LineChartView.swift in Sources */ = {isa = PBXBuildFile; fileRef = E4AFD94B2C6767C100DB57D4 /* LineChartView.swift */; };
		E4AFD95B2C6767C100DB57D4 /* MagnifierRect.swift in Sources */ = {isa = PBXBuildFile; fileRef = E4AFD94D2C6767C100DB57D4 /* MagnifierRect.swift */; };
		E4AFD95C2C6767C100DB57D4 /* MultiLineChartView.swift in Sources */ = {isa = PBXBuildFile; fileRef = E4AFD94E2C6767C100DB57D4 /* MultiLineChartView.swift */; };
		E4AFD95D2C6767C100DB57D4 /* BarChartRow.swift in Sources */ = {isa = PBXBuildFile; fileRef = E4AFD9442C6767C100DB57D4 /* BarChartRow.swift */; };
		E4AFD95E2C6767C100DB57D4 /* LineView.swift in Sources */ = {isa = PBXBuildFile; fileRef = E4AFD94C2C6767C100DB57D4 /* LineView.swift */; };
		E4AFD95F2C6767C100DB57D4 /* Helpers.swift in Sources */ = {isa = PBXBuildFile; fileRef = E4AFD9562C6767C100DB57D4 /* Helpers.swift */; };
		E4AFD9602C6767C100DB57D4 /* Legend.swift in Sources */ = {isa = PBXBuildFile; fileRef = E4AFD9492C6767C100DB57D4 /* Legend.swift */; };
		E4AFD9612C6767C100DB57D4 /* ChartLine.swift in Sources */ = {isa = PBXBuildFile; fileRef = E4AFD94A2C6767C100DB57D4 /* ChartLine.swift */; };
		E4AFD9622C6767C100DB57D4 /* PieChartView.swift in Sources */ = {isa = PBXBuildFile; fileRef = E4AFD9542C6767C100DB57D4 /* PieChartView.swift */; };
		E4AFD9632C6767C100DB57D4 /* BarChartCell.swift in Sources */ = {isa = PBXBuildFile; fileRef = E4AFD9432C6767C100DB57D4 /* BarChartCell.swift */; };
		E4AFD9642C6767C100DB57D4 /* PieChartHelpers.swift in Sources */ = {isa = PBXBuildFile; fileRef = E4AFD9522C6767C100DB57D4 /* PieChartHelpers.swift */; };
		E4AFD9652C6767C100DB57D4 /* PieChartRow.swift in Sources */ = {isa = PBXBuildFile; fileRef = E4AFD9532C6767C100DB57D4 /* PieChartRow.swift */; };
		E4AFD9662C6767C100DB57D4 /* Path+QuadCurve.swift in Sources */ = {isa = PBXBuildFile; fileRef = E4AFD94F2C6767C100DB57D4 /* Path+QuadCurve.swift */; };
		E4AFD9672C6767C100DB57D4 /* LabelView.swift in Sources */ = {isa = PBXBuildFile; fileRef = E4AFD9462C6767C100DB57D4 /* LabelView.swift */; };
		E4AFD9682C6767C100DB57D4 /* IndicatorPoint.swift in Sources */ = {isa = PBXBuildFile; fileRef = E4AFD9482C6767C100DB57D4 /* IndicatorPoint.swift */; };
		E4AFD96B2C68C43600DB57D4 /* LoadingView.swift in Sources */ = {isa = PBXBuildFile; fileRef = E4AFD96A2C68C43600DB57D4 /* LoadingView.swift */; };
		E4AFD96D2C68C4BC00DB57D4 /* ProductQuality.swift in Sources */ = {isa = PBXBuildFile; fileRef = E4AFD96C2C68C4BC00DB57D4 /* ProductQuality.swift */; };
		E4AFD9712C68CE0B00DB57D4 /* NutriLabelView.swift in Sources */ = {isa = PBXBuildFile; fileRef = E4AFD9702C68CE0B00DB57D4 /* NutriLabelView.swift */; };
		E4B24EF32C6C92E5009CF592 /* LocalResults.swift in Sources */ = {isa = PBXBuildFile; fileRef = E4B24EF22C6C92E5009CF592 /* LocalResults.swift */; };
		E4B24EF72C6C9A63009CF592 /* URLManager.swift in Sources */ = {isa = PBXBuildFile; fileRef = E4B24EF62C6C9A63009CF592 /* URLManager.swift */; };
		E4B24EF92C6CA4F6009CF592 /* ResultsProtocol.swift in Sources */ = {isa = PBXBuildFile; fileRef = E4B24EF82C6CA4F6009CF592 /* ResultsProtocol.swift */; };
		E4B24EFD2C6CB403009CF592 /* AuthenticationManager.swift in Sources */ = {isa = PBXBuildFile; fileRef = E4B24EFC2C6CB403009CF592 /* AuthenticationManager.swift */; };
		E4B24EFF2C6CB852009CF592 /* AuthViewModel.swift in Sources */ = {isa = PBXBuildFile; fileRef = E4B24EFE2C6CB852009CF592 /* AuthViewModel.swift */; };
/* End PBXBuildFile section */

/* Begin PBXFileReference section */
		E401352F2C6DDF8800280207 /* AddButtonView.swift */ = {isa = PBXFileReference; lastKnownFileType = sourcecode.swift; path = AddButtonView.swift; sourceTree = "<group>"; };
		E40A4EE82C4FFBA100167FBD /* BarcodeScannerViewModel.swift */ = {isa = PBXFileReference; lastKnownFileType = sourcecode.swift; path = BarcodeScannerViewModel.swift; sourceTree = "<group>"; };
		E40A4EEA2C4FFCAF00167FBD /* DataScannerView.swift */ = {isa = PBXFileReference; lastKnownFileType = sourcecode.swift; path = DataScannerView.swift; sourceTree = "<group>"; };
		E40A4EEC2C4FFDA700167FBD /* BarcodeScannerView.swift */ = {isa = PBXFileReference; lastKnownFileType = sourcecode.swift; path = BarcodeScannerView.swift; sourceTree = "<group>"; };
		E40A4EEE2C5023DC00167FBD /* Info.plist */ = {isa = PBXFileReference; lastKnownFileType = text.plist.xml; path = Info.plist; sourceTree = "<group>"; };
		E40A4EF02C513D6D00167FBD /* IntroView.swift */ = {isa = PBXFileReference; lastKnownFileType = sourcecode.swift; path = IntroView.swift; sourceTree = "<group>"; };
		E40A4EF22C51462900167FBD /* LogInView.swift */ = {isa = PBXFileReference; lastKnownFileType = sourcecode.swift; path = LogInView.swift; sourceTree = "<group>"; };
		E40A4EF42C51500400167FBD /* CreateUserView.swift */ = {isa = PBXFileReference; lastKnownFileType = sourcecode.swift; path = CreateUserView.swift; sourceTree = "<group>"; };
		E40A4EF62C515CCC00167FBD /* WelcomeView.swift */ = {isa = PBXFileReference; lastKnownFileType = sourcecode.swift; path = WelcomeView.swift; sourceTree = "<group>"; };
		E40A4EF82C52359C00167FBD /* ErrorCases.swift */ = {isa = PBXFileReference; lastKnownFileType = sourcecode.swift; path = ErrorCases.swift; sourceTree = "<group>"; };
		E40A4EFE2C5293EC00167FBD /* SignInView.swift */ = {isa = PBXFileReference; lastKnownFileType = sourcecode.swift; path = SignInView.swift; sourceTree = "<group>"; };
		E40A4F002C52A3F700167FBD /* TestView.swift */ = {isa = PBXFileReference; lastKnownFileType = sourcecode.swift; path = TestView.swift; sourceTree = "<group>"; };
		E40A4F042C53C22E00167FBD /* ProductItem.swift */ = {isa = PBXFileReference; lastKnownFileType = sourcecode.swift; path = ProductItem.swift; sourceTree = "<group>"; };
		E40A4F092C541AC300167FBD /* GreenGradient.swift */ = {isa = PBXFileReference; lastKnownFileType = sourcecode.swift; path = GreenGradient.swift; sourceTree = "<group>"; };
		E40A4F0B2C541BFC00167FBD /* ProfileView.swift */ = {isa = PBXFileReference; lastKnownFileType = sourcecode.swift; path = ProfileView.swift; sourceTree = "<group>"; };
		E40A4F0F2C5424BC00167FBD /* GlobalResults.swift */ = {isa = PBXFileReference; lastKnownFileType = sourcecode.swift; path = GlobalResults.swift; sourceTree = "<group>"; };
		E425DDBD2C6D0CE400A8AC94 /* AssistantToolbar.swift */ = {isa = PBXFileReference; lastKnownFileType = sourcecode.swift; path = AssistantToolbar.swift; sourceTree = "<group>"; };
		E426B5EE2CAC2C1B00F6BA26 /* TempHintView.swift */ = {isa = PBXFileReference; lastKnownFileType = sourcecode.swift; path = TempHintView.swift; sourceTree = "<group>"; };
		E426B5F02CAC383100F6BA26 /* HintView.swift */ = {isa = PBXFileReference; lastKnownFileType = sourcecode.swift; path = HintView.swift; sourceTree = "<group>"; };
		E426B5F22CAC4C7E00F6BA26 /* TakePhotoButtonView.swift */ = {isa = PBXFileReference; lastKnownFileType = sourcecode.swift; path = TakePhotoButtonView.swift; sourceTree = "<group>"; };
		E426B5F42CAC50BF00F6BA26 /* CameraZoneFrameView.swift */ = {isa = PBXFileReference; lastKnownFileType = sourcecode.swift; path = CameraZoneFrameView.swift; sourceTree = "<group>"; };
		E426B5F62CAD0E3D00F6BA26 /* BarcodeFrameView.swift */ = {isa = PBXFileReference; lastKnownFileType = sourcecode.swift; path = BarcodeFrameView.swift; sourceTree = "<group>"; };
		E426B5F82CAD287300F6BA26 /* PremiumButtonView.swift */ = {isa = PBXFileReference; lastKnownFileType = sourcecode.swift; path = PremiumButtonView.swift; sourceTree = "<group>"; };
		E426B5FB2CB4EA2A00F6BA26 /* RBarChartGround.swift */ = {isa = PBXFileReference; lastKnownFileType = sourcecode.swift; path = RBarChartGround.swift; sourceTree = "<group>"; };
		E426B5FD2CB4EB1E00F6BA26 /* RBarChartView.swift */ = {isa = PBXFileReference; lastKnownFileType = sourcecode.swift; path = RBarChartView.swift; sourceTree = "<group>"; };
		E42FB57B2C6A14400092C09F /* StringExtension.swift */ = {isa = PBXFileReference; lastKnownFileType = sourcecode.swift; path = StringExtension.swift; sourceTree = "<group>"; };
		E42FB57D2C6B98170092C09F /* SubmitImageView.swift */ = {isa = PBXFileReference; lastKnownFileType = sourcecode.swift; path = SubmitImageView.swift; sourceTree = "<group>"; };
		E42FB5802C6B986E0092C09F /* ImageModel.swift */ = {isa = PBXFileReference; lastKnownFileType = sourcecode.swift; path = ImageModel.swift; sourceTree = "<group>"; };
		E430142A2CAB18060070383C /* YukaAI.app */ = {isa = PBXFileReference; explicitFileType = wrapper.application; includeInIndex = 0; path = YukaAI.app; sourceTree = BUILT_PRODUCTS_DIR; };
		E430142B2CAC293E0070383C /* PremiumOldIconView.swift */ = {isa = PBXFileReference; lastKnownFileType = sourcecode.swift; path = PremiumOldIconView.swift; sourceTree = "<group>"; };
		E44101422C969D7B00326C3A /* SubsciptionView.swift */ = {isa = PBXFileReference; lastKnownFileType = sourcecode.swift; path = SubsciptionView.swift; sourceTree = "<group>"; };
		E44101462C96A0C000326C3A /* TitleLabelView.swift */ = {isa = PBXFileReference; lastKnownFileType = sourcecode.swift; path = TitleLabelView.swift; sourceTree = "<group>"; };
		E44101482C96A68B00326C3A /* SubscriptionHeaderView.swift */ = {isa = PBXFileReference; lastKnownFileType = sourcecode.swift; path = SubscriptionHeaderView.swift; sourceTree = "<group>"; };
		E441014A2C96A6CC00326C3A /* SubscriptionFeatureListView.swift */ = {isa = PBXFileReference; lastKnownFileType = sourcecode.swift; path = SubscriptionFeatureListView.swift; sourceTree = "<group>"; };
		E441014C2C96A72700326C3A /* SubscriptionButtonView.swift */ = {isa = PBXFileReference; lastKnownFileType = sourcecode.swift; path = SubscriptionButtonView.swift; sourceTree = "<group>"; };
		E441014E2C96A76C00326C3A /* SubscriptionFooterView.swift */ = {isa = PBXFileReference; lastKnownFileType = sourcecode.swift; path = SubscriptionFooterView.swift; sourceTree = "<group>"; };
		E44101542C99A6BC00326C3A /* AnimatedBackgroundView.swift */ = {isa = PBXFileReference; lastKnownFileType = sourcecode.swift; path = AnimatedBackgroundView.swift; sourceTree = "<group>"; };
		E44101562C99D36E00326C3A /* OnboardingPanelView.swift */ = {isa = PBXFileReference; lastKnownFileType = sourcecode.swift; path = OnboardingPanelView.swift; sourceTree = "<group>"; };
		E44101582C99E06F00326C3A /* OnboardingView.swift */ = {isa = PBXFileReference; lastKnownFileType = sourcecode.swift; path = OnboardingView.swift; sourceTree = "<group>"; };
		E441FBF52C6366CE0081317B /* FileManagerExtension.swift */ = {isa = PBXFileReference; lastKnownFileType = sourcecode.swift; path = FileManagerExtension.swift; sourceTree = "<group>"; };
		E441FBF72C636B930081317B /* CartViewModel.swift */ = {isa = PBXFileReference; lastKnownFileType = sourcecode.swift; path = CartViewModel.swift; sourceTree = "<group>"; };
		E441FBF92C639FAD0081317B /* BindingExtension.swift */ = {isa = PBXFileReference; lastKnownFileType = sourcecode.swift; path = BindingExtension.swift; sourceTree = "<group>"; };
		E45956472C4C313C000B5058 /* DataManager.swift */ = {isa = PBXFileReference; lastKnownFileType = sourcecode.swift; path = DataManager.swift; sourceTree = "<group>"; };
		E459565A2C4D5A8C000B5058 /* ProductItemView.swift */ = {isa = PBXFileReference; lastKnownFileType = sourcecode.swift; path = ProductItemView.swift; sourceTree = "<group>"; };
		E45956602C4E1355000B5058 /* HealthManager.swift */ = {isa = PBXFileReference; lastKnownFileType = sourcecode.swift; path = HealthManager.swift; sourceTree = "<group>"; };
		E45956622C4E139F000B5058 /* YukaAI.entitlements */ = {isa = PBXFileReference; lastKnownFileType = text.plist.entitlements; path = YukaAI.entitlements; sourceTree = "<group>"; };
		E45956652C4E1548000B5058 /* HealthView.swift */ = {isa = PBXFileReference; lastKnownFileType = sourcecode.swift; path = HealthView.swift; sourceTree = "<group>"; };
		E45956672C4E1908000B5058 /* StatsView.swift */ = {isa = PBXFileReference; lastKnownFileType = sourcecode.swift; path = StatsView.swift; sourceTree = "<group>"; };
		E459566E2C4E76A8000B5058 /* HistoryView.swift */ = {isa = PBXFileReference; lastKnownFileType = sourcecode.swift; path = HistoryView.swift; sourceTree = "<group>"; };
		E45956702C4FB3C1000B5058 /* ConnectionView.swift */ = {isa = PBXFileReference; lastKnownFileType = sourcecode.swift; path = ConnectionView.swift; sourceTree = "<group>"; };
		E48090782CA5A09A0027AF12 /* OnboardingTransitionView.swift */ = {isa = PBXFileReference; lastKnownFileType = sourcecode.swift; path = OnboardingTransitionView.swift; sourceTree = "<group>"; };
		E480907A2CA5B6220027AF12 /* PaywallView.swift */ = {isa = PBXFileReference; lastKnownFileType = sourcecode.swift; path = PaywallView.swift; sourceTree = "<group>"; };
		E480907C2CA5B6F70027AF12 /* OnboardingImageView.swift */ = {isa = PBXFileReference; lastKnownFileType = sourcecode.swift; path = OnboardingImageView.swift; sourceTree = "<group>"; };
		E48090842CA7F68B0027AF12 /* ColorExtension.swift */ = {isa = PBXFileReference; lastKnownFileType = sourcecode.swift; path = ColorExtension.swift; sourceTree = "<group>"; };
		E480908E2CAAA3AD0027AF12 /* BottomContainer.swift */ = {isa = PBXFileReference; lastKnownFileType = sourcecode.swift; path = BottomContainer.swift; sourceTree = "<group>"; };
		E48090902CAAA5650027AF12 /* CornerIconView.swift */ = {isa = PBXFileReference; lastKnownFileType = sourcecode.swift; path = CornerIconView.swift; sourceTree = "<group>"; };
		E48090922CAAAE960027AF12 /* CornerIconWInfoView.swift */ = {isa = PBXFileReference; lastKnownFileType = sourcecode.swift; path = CornerIconWInfoView.swift; sourceTree = "<group>"; };
		E48090952CAAE6FC0027AF12 /* PremiumIconView.swift */ = {isa = PBXFileReference; lastKnownFileType = sourcecode.swift; path = PremiumIconView.swift; sourceTree = "<group>"; };
		E4A955882C3C5980009D7F11 /* YukaAIApp.swift */ = {isa = PBXFileReference; lastKnownFileType = sourcecode.swift; path = YukaAIApp.swift; sourceTree = "<group>"; };
		E4A9558A2C3C5980009D7F11 /* HomeView.swift */ = {isa = PBXFileReference; lastKnownFileType = sourcecode.swift; path = HomeView.swift; sourceTree = "<group>"; };
		E4A9558C2C3C5982009D7F11 /* Assets.xcassets */ = {isa = PBXFileReference; lastKnownFileType = folder.assetcatalog; path = Assets.xcassets; sourceTree = "<group>"; };
		E4A9558F2C3C5982009D7F11 /* Preview Assets.xcassets */ = {isa = PBXFileReference; lastKnownFileType = folder.assetcatalog; path = "Preview Assets.xcassets"; sourceTree = "<group>"; };
		E4AA7C2B2C58CE9A000C83D0 /* ProductItemVM.swift */ = {isa = PBXFileReference; lastKnownFileType = sourcecode.swift; path = ProductItemVM.swift; sourceTree = "<group>"; };
		E4AA7C2D2C5929F5000C83D0 /* LightGreenGradient.swift */ = {isa = PBXFileReference; lastKnownFileType = sourcecode.swift; path = LightGreenGradient.swift; sourceTree = "<group>"; };
		E4AA7C302C592B78000C83D0 /* LightRedGradient.swift */ = {isa = PBXFileReference; lastKnownFileType = sourcecode.swift; path = LightRedGradient.swift; sourceTree = "<group>"; };
		E4AA7C322C592B89000C83D0 /* LightYellowGradient.swift */ = {isa = PBXFileReference; lastKnownFileType = sourcecode.swift; path = LightYellowGradient.swift; sourceTree = "<group>"; };
		E4AA7C3E2C5A19A6000C83D0 /* AssistantView.swift */ = {isa = PBXFileReference; lastKnownFileType = sourcecode.swift; path = AssistantView.swift; sourceTree = "<group>"; };
		E4AA7C402C5A22E6000C83D0 /* Constants.swift */ = {isa = PBXFileReference; lastKnownFileType = sourcecode.swift; path = Constants.swift; sourceTree = "<group>"; };
		E4AA7C422C5A9924000C83D0 /* AssistantVM.swift */ = {isa = PBXFileReference; lastKnownFileType = sourcecode.swift; path = AssistantVM.swift; sourceTree = "<group>"; };
		E4AA7C442C5CCDDF000C83D0 /* GoogleService-Info.plist */ = {isa = PBXFileReference; lastKnownFileType = text.plist.xml; path = "GoogleService-Info.plist"; sourceTree = "<group>"; };
		E4AFD8FD2C63DB1300DB57D4 /* UserDefaultsExtension.swift */ = {isa = PBXFileReference; lastKnownFileType = sourcecode.swift; path = UserDefaultsExtension.swift; sourceTree = "<group>"; };
		E4AFD9032C64B3A600DB57D4 /* HapticManager.swift */ = {isa = PBXFileReference; lastKnownFileType = sourcecode.swift; path = HapticManager.swift; sourceTree = "<group>"; };
		E4AFD9052C64DCF900DB57D4 /* HelperBottomSectionView.swift */ = {isa = PBXFileReference; lastKnownFileType = sourcecode.swift; path = HelperBottomSectionView.swift; sourceTree = "<group>"; };
		E4AFD9092C64FB4F00DB57D4 /* AssistantAdviceView.swift */ = {isa = PBXFileReference; lastKnownFileType = sourcecode.swift; path = AssistantAdviceView.swift; sourceTree = "<group>"; };
		E4AFD90B2C65F9AB00DB57D4 /* MyDefaultPressableButton.swift */ = {isa = PBXFileReference; lastKnownFileType = sourcecode.swift; path = MyDefaultPressableButton.swift; sourceTree = "<group>"; };
		E4AFD90D2C660F8100DB57D4 /* AssistantFileManager.swift */ = {isa = PBXFileReference; lastKnownFileType = sourcecode.swift; path = AssistantFileManager.swift; sourceTree = "<group>"; };
		E4AFD9102C66169A00DB57D4 /* SemiCircle.swift */ = {isa = PBXFileReference; lastKnownFileType = sourcecode.swift; path = SemiCircle.swift; sourceTree = "<group>"; };
		E4AFD9122C661E8400DB57D4 /* ShowIndicatorView.swift */ = {isa = PBXFileReference; lastKnownFileType = sourcecode.swift; path = ShowIndicatorView.swift; sourceTree = "<group>"; };
		E4AFD9162C66495600DB57D4 /* NavButtonView.swift */ = {isa = PBXFileReference; lastKnownFileType = sourcecode.swift; path = NavButtonView.swift; sourceTree = "<group>"; };
		E4AFD9432C6767C100DB57D4 /* BarChartCell.swift */ = {isa = PBXFileReference; lastKnownFileType = sourcecode.swift; path = BarChartCell.swift; sourceTree = "<group>"; };
		E4AFD9442C6767C100DB57D4 /* BarChartRow.swift */ = {isa = PBXFileReference; lastKnownFileType = sourcecode.swift; path = BarChartRow.swift; sourceTree = "<group>"; };
		E4AFD9452C6767C100DB57D4 /* BarChartView.swift */ = {isa = PBXFileReference; lastKnownFileType = sourcecode.swift; path = BarChartView.swift; sourceTree = "<group>"; };
		E4AFD9462C6767C100DB57D4 /* LabelView.swift */ = {isa = PBXFileReference; lastKnownFileType = sourcecode.swift; path = LabelView.swift; sourceTree = "<group>"; };
		E4AFD9482C6767C100DB57D4 /* IndicatorPoint.swift */ = {isa = PBXFileReference; lastKnownFileType = sourcecode.swift; path = IndicatorPoint.swift; sourceTree = "<group>"; };
		E4AFD9492C6767C100DB57D4 /* Legend.swift */ = {isa = PBXFileReference; lastKnownFileType = sourcecode.swift; path = Legend.swift; sourceTree = "<group>"; };
		E4AFD94A2C6767C100DB57D4 /* ChartLine.swift */ = {isa = PBXFileReference; lastKnownFileType = sourcecode.swift; path = ChartLine.swift; sourceTree = "<group>"; };
		E4AFD94B2C6767C100DB57D4 /* LineChartView.swift */ = {isa = PBXFileReference; lastKnownFileType = sourcecode.swift; path = LineChartView.swift; sourceTree = "<group>"; };
		E4AFD94C2C6767C100DB57D4 /* LineView.swift */ = {isa = PBXFileReference; lastKnownFileType = sourcecode.swift; path = LineView.swift; sourceTree = "<group>"; };
		E4AFD94D2C6767C100DB57D4 /* MagnifierRect.swift */ = {isa = PBXFileReference; lastKnownFileType = sourcecode.swift; path = MagnifierRect.swift; sourceTree = "<group>"; };
		E4AFD94E2C6767C100DB57D4 /* MultiLineChartView.swift */ = {isa = PBXFileReference; lastKnownFileType = sourcecode.swift; path = MultiLineChartView.swift; sourceTree = "<group>"; };
		E4AFD94F2C6767C100DB57D4 /* Path+QuadCurve.swift */ = {isa = PBXFileReference; lastKnownFileType = sourcecode.swift; path = "Path+QuadCurve.swift"; sourceTree = "<group>"; };
		E4AFD9512C6767C100DB57D4 /* PieChartCell.swift */ = {isa = PBXFileReference; lastKnownFileType = sourcecode.swift; path = PieChartCell.swift; sourceTree = "<group>"; };
		E4AFD9522C6767C100DB57D4 /* PieChartHelpers.swift */ = {isa = PBXFileReference; lastKnownFileType = sourcecode.swift; path = PieChartHelpers.swift; sourceTree = "<group>"; };
		E4AFD9532C6767C100DB57D4 /* PieChartRow.swift */ = {isa = PBXFileReference; lastKnownFileType = sourcecode.swift; path = PieChartRow.swift; sourceTree = "<group>"; };
		E4AFD9542C6767C100DB57D4 /* PieChartView.swift */ = {isa = PBXFileReference; lastKnownFileType = sourcecode.swift; path = PieChartView.swift; sourceTree = "<group>"; };
		E4AFD9562C6767C100DB57D4 /* Helpers.swift */ = {isa = PBXFileReference; lastKnownFileType = sourcecode.swift; path = Helpers.swift; sourceTree = "<group>"; };
		E4AFD96A2C68C43600DB57D4 /* LoadingView.swift */ = {isa = PBXFileReference; lastKnownFileType = sourcecode.swift; path = LoadingView.swift; sourceTree = "<group>"; };
		E4AFD96C2C68C4BC00DB57D4 /* ProductQuality.swift */ = {isa = PBXFileReference; lastKnownFileType = sourcecode.swift; path = ProductQuality.swift; sourceTree = "<group>"; };
		E4AFD9702C68CE0B00DB57D4 /* NutriLabelView.swift */ = {isa = PBXFileReference; lastKnownFileType = sourcecode.swift; path = NutriLabelView.swift; sourceTree = "<group>"; };
		E4B24EF22C6C92E5009CF592 /* LocalResults.swift */ = {isa = PBXFileReference; lastKnownFileType = sourcecode.swift; path = LocalResults.swift; sourceTree = "<group>"; };
		E4B24EF62C6C9A63009CF592 /* URLManager.swift */ = {isa = PBXFileReference; lastKnownFileType = sourcecode.swift; path = URLManager.swift; sourceTree = "<group>"; };
		E4B24EF82C6CA4F6009CF592 /* ResultsProtocol.swift */ = {isa = PBXFileReference; lastKnownFileType = sourcecode.swift; path = ResultsProtocol.swift; sourceTree = "<group>"; };
		E4B24EFC2C6CB403009CF592 /* AuthenticationManager.swift */ = {isa = PBXFileReference; lastKnownFileType = sourcecode.swift; path = AuthenticationManager.swift; sourceTree = "<group>"; };
		E4B24EFE2C6CB852009CF592 /* AuthViewModel.swift */ = {isa = PBXFileReference; lastKnownFileType = sourcecode.swift; path = AuthViewModel.swift; sourceTree = "<group>"; };
/* End PBXFileReference section */

/* Begin PBXFrameworksBuildPhase section */
		E4A955822C3C5980009D7F11 /* Frameworks */ = {
			isa = PBXFrameworksBuildPhase;
			buildActionMask = 2147483647;
			files = (
				E4AA7C3D2C5A0F5B000C83D0 /* OpenAI in Frameworks */,
			);
			runOnlyForDeploymentPostprocessing = 0;
		};
/* End PBXFrameworksBuildPhase section */

/* Begin PBXGroup section */
		E40A4EE72C4FFB4F00167FBD /* BarcodeScanner */ = {
			isa = PBXGroup;
			children = (
				E40A4EEC2C4FFDA700167FBD /* BarcodeScannerView.swift */,
				E480908E2CAAA3AD0027AF12 /* BottomContainer.swift */,
				E48090942CAAB4FF0027AF12 /* Components */,
			);
			path = BarcodeScanner;
			sourceTree = "<group>";
		};
		E40A4EEF2C513D5500167FBD /* OnBoarding */ = {
			isa = PBXGroup;
			children = (
				E44101582C99E06F00326C3A /* OnboardingView.swift */,
				E480907A2CA5B6220027AF12 /* PaywallView.swift */,
				E48090802CA5B97A0027AF12 /* OnboardingComponents */,
				E44101512C96AF1B00326C3A /* PaywallComponents */,
				E44101412C969D5600326C3A /* FirstVoyageOnboarding */,
			);
			path = OnBoarding;
			sourceTree = "<group>";
		};
		E426B5FA2CB4E99A00F6BA26 /* RBarChart */ = {
			isa = PBXGroup;
			children = (
				E426B5FB2CB4EA2A00F6BA26 /* RBarChartGround.swift */,
				E426B5FD2CB4EB1E00F6BA26 /* RBarChartView.swift */,
			);
			path = RBarChart;
			sourceTree = "<group>";
		};
		E42FB57F2C6B981D0092C09F /* ProductRecognizer */ = {
			isa = PBXGroup;
			children = (
				E42FB57D2C6B98170092C09F /* SubmitImageView.swift */,
				E42FB5802C6B986E0092C09F /* ImageModel.swift */,
			);
			path = ProductRecognizer;
			sourceTree = "<group>";
		};
		E44101412C969D5600326C3A /* FirstVoyageOnboarding */ = {
			isa = PBXGroup;
			children = (
				E40A4EF62C515CCC00167FBD /* WelcomeView.swift */,
				E40A4EF02C513D6D00167FBD /* IntroView.swift */,
				E40A4EF22C51462900167FBD /* LogInView.swift */,
				E40A4EFE2C5293EC00167FBD /* SignInView.swift */,
				E40A4EF42C51500400167FBD /* CreateUserView.swift */,
				E40A4F002C52A3F700167FBD /* TestView.swift */,
			);
			path = FirstVoyageOnboarding;
			sourceTree = "<group>";
		};
		E44101502C96AE8200326C3A /* Resources */ = {
			isa = PBXGroup;
			children = (
				E45956622C4E139F000B5058 /* YukaAI.entitlements */,
				E4A955882C3C5980009D7F11 /* YukaAIApp.swift */,
				E4A9558A2C3C5980009D7F11 /* HomeView.swift */,
				E4A9558C2C3C5982009D7F11 /* Assets.xcassets */,
				E40A4EEE2C5023DC00167FBD /* Info.plist */,
				E4AA7C442C5CCDDF000C83D0 /* GoogleService-Info.plist */,
				E4A9558E2C3C5982009D7F11 /* Preview Content */,
			);
			path = Resources;
			sourceTree = "<group>";
		};
		E44101512C96AF1B00326C3A /* PaywallComponents */ = {
			isa = PBXGroup;
			children = (
				E44101422C969D7B00326C3A /* SubsciptionView.swift */,
				E44101542C99A6BC00326C3A /* AnimatedBackgroundView.swift */,
				E44101482C96A68B00326C3A /* SubscriptionHeaderView.swift */,
				E441014A2C96A6CC00326C3A /* SubscriptionFeatureListView.swift */,
				E441014C2C96A72700326C3A /* SubscriptionButtonView.swift */,
				E441014E2C96A76C00326C3A /* SubscriptionFooterView.swift */,
				E44101462C96A0C000326C3A /* TitleLabelView.swift */,
			);
			path = PaywallComponents;
			sourceTree = "<group>";
		};
		E441FBEE2C6361A10081317B /* Common */ = {
			isa = PBXGroup;
			children = (
				E4AA7C402C5A22E6000C83D0 /* Constants.swift */,
				E48090832CA7F4860027AF12 /* Managers */,
				E4B24EFA2C6CB3A9009CF592 /* Extensions */,
				E4B24EFB2C6CB3D8009CF592 /* ComponentViews */,
			);
			path = Common;
			sourceTree = "<group>";
		};
		E441FBEF2C6361D90081317B /* ScanView */ = {
			isa = PBXGroup;
			children = (
				E40A4EE72C4FFB4F00167FBD /* BarcodeScanner */,
				E42FB57F2C6B981D0092C09F /* ProductRecognizer */,
			);
			path = ScanView;
			sourceTree = "<group>";
		};
		E441FBF02C6362860081317B /* ProgressView */ = {
			isa = PBXGroup;
			children = (
				E45956672C4E1908000B5058 /* StatsView.swift */,
				E45956602C4E1355000B5058 /* HealthManager.swift */,
			);
			path = ProgressView;
			sourceTree = "<group>";
		};
		E441FBF12C6363720081317B /* AssistantView */ = {
			isa = PBXGroup;
			children = (
				E4AA7C3E2C5A19A6000C83D0 /* AssistantView.swift */,
				E425DDBD2C6D0CE400A8AC94 /* AssistantToolbar.swift */,
				E4AFD9092C64FB4F00DB57D4 /* AssistantAdviceView.swift */,
			);
			path = AssistantView;
			sourceTree = "<group>";
		};
		E441FBF32C6363C30081317B /* HistoryView */ = {
			isa = PBXGroup;
			children = (
				E459566E2C4E76A8000B5058 /* HistoryView.swift */,
				E4AFD9052C64DCF900DB57D4 /* HelperBottomSectionView.swift */,
			);
			path = HistoryView;
			sourceTree = "<group>";
		};
		E441FBF42C6363E90081317B /* ProfileView */ = {
			isa = PBXGroup;
			children = (
				E45956702C4FB3C1000B5058 /* ConnectionView.swift */,
				E40A4F0B2C541BFC00167FBD /* ProfileView.swift */,
				E45956652C4E1548000B5058 /* HealthView.swift */,
				E4AFD9162C66495600DB57D4 /* NavButtonView.swift */,
			);
			path = ProfileView;
			sourceTree = "<group>";
		};
		E441FBFB2C63A4AE0081317B /* Core */ = {
			isa = PBXGroup;
			children = (
				E480908D2CAA9CD00027AF12 /* ViewModel */,
				E4AFD9692C68ACA800DB57D4 /* Model */,
				E480908B2CAA9BF60027AF12 /* View */,
			);
			path = Core;
			sourceTree = "<group>";
		};
		E48090802CA5B97A0027AF12 /* OnboardingComponents */ = {
			isa = PBXGroup;
			children = (
				E44101562C99D36E00326C3A /* OnboardingPanelView.swift */,
				E48090782CA5A09A0027AF12 /* OnboardingTransitionView.swift */,
				E480907C2CA5B6F70027AF12 /* OnboardingImageView.swift */,
			);
			path = OnboardingComponents;
			sourceTree = "<group>";
		};
		E48090832CA7F4860027AF12 /* Managers */ = {
			isa = PBXGroup;
			children = (
				E4B24EFE2C6CB852009CF592 /* AuthViewModel.swift */,
				E4AFD9032C64B3A600DB57D4 /* HapticManager.swift */,
				E4B24EFC2C6CB403009CF592 /* AuthenticationManager.swift */,
			);
			path = Managers;
			sourceTree = "<group>";
		};
		E48090892CAA9B900027AF12 /* ProductItemView */ = {
			isa = PBXGroup;
			children = (
				E459565A2C4D5A8C000B5058 /* ProductItemView.swift */,
				E4AA7C2B2C58CE9A000C83D0 /* ProductItemVM.swift */,
			);
			path = ProductItemView;
			sourceTree = "<group>";
		};
		E480908B2CAA9BF60027AF12 /* View */ = {
			isa = PBXGroup;
			children = (
				E441FBF42C6363E90081317B /* ProfileView */,
				E48090892CAA9B900027AF12 /* ProductItemView */,
				E441FBF02C6362860081317B /* ProgressView */,
				E441FBF32C6363C30081317B /* HistoryView */,
				E441FBEF2C6361D90081317B /* ScanView */,
				E441FBF12C6363720081317B /* AssistantView */,
			);
			path = View;
			sourceTree = "<group>";
		};
		E480908C2CAA9C130027AF12 /* Main */ = {
			isa = PBXGroup;
			children = (
				E4AFD90D2C660F8100DB57D4 /* AssistantFileManager.swift */,
				E45956472C4C313C000B5058 /* DataManager.swift */,
				E4B24EF22C6C92E5009CF592 /* LocalResults.swift */,
				E40A4F0F2C5424BC00167FBD /* GlobalResults.swift */,
				E40A4F042C53C22E00167FBD /* ProductItem.swift */,
			);
			path = Main;
			sourceTree = "<group>";
		};
		E480908D2CAA9CD00027AF12 /* ViewModel */ = {
			isa = PBXGroup;
			children = (
				E441FBF72C636B930081317B /* CartViewModel.swift */,
				E4AA7C422C5A9924000C83D0 /* AssistantVM.swift */,
				E40A4EE82C4FFBA100167FBD /* BarcodeScannerViewModel.swift */,
			);
			path = ViewModel;
			sourceTree = "<group>";
		};
		E48090942CAAB4FF0027AF12 /* Components */ = {
			isa = PBXGroup;
			children = (
				E40A4EEA2C4FFCAF00167FBD /* DataScannerView.swift */,
				E426B5F62CAD0E3D00F6BA26 /* BarcodeFrameView.swift */,
				E426B5F82CAD287300F6BA26 /* PremiumButtonView.swift */,
				E48090902CAAA5650027AF12 /* CornerIconView.swift */,
				E48090922CAAAE960027AF12 /* CornerIconWInfoView.swift */,
				E48090952CAAE6FC0027AF12 /* PremiumIconView.swift */,
				E430142B2CAC293E0070383C /* PremiumOldIconView.swift */,
				E426B5EE2CAC2C1B00F6BA26 /* TempHintView.swift */,
				E426B5F02CAC383100F6BA26 /* HintView.swift */,
				E426B5F22CAC4C7E00F6BA26 /* TakePhotoButtonView.swift */,
				E426B5F42CAC50BF00F6BA26 /* CameraZoneFrameView.swift */,
			);
			path = Components;
			sourceTree = "<group>";
		};
		E4A9557C2C3C5980009D7F11 = {
			isa = PBXGroup;
			children = (
				E4A955872C3C5980009D7F11 /* YukaAI */,
				E430142A2CAB18060070383C /* YukaAI.app */,
			);
			sourceTree = "<group>";
		};
		E4A955872C3C5980009D7F11 /* YukaAI */ = {
			isa = PBXGroup;
			children = (
				E44101502C96AE8200326C3A /* Resources */,
				E40A4EEF2C513D5500167FBD /* OnBoarding */,
				E441FBEE2C6361A10081317B /* Common */,
				E4AFD9572C6767C100DB57D4 /* Charts */,
				E441FBFB2C63A4AE0081317B /* Core */,
			);
			path = YukaAI;
			sourceTree = "<group>";
		};
		E4A9558E2C3C5982009D7F11 /* Preview Content */ = {
			isa = PBXGroup;
			children = (
				E4A9558F2C3C5982009D7F11 /* Preview Assets.xcassets */,
			);
			path = "Preview Content";
			sourceTree = "<group>";
		};
		E4AA7C2F2C592B19000C83D0 /* Backgrounds */ = {
			isa = PBXGroup;
			children = (
				E40A4F092C541AC300167FBD /* GreenGradient.swift */,
				E4AA7C2D2C5929F5000C83D0 /* LightGreenGradient.swift */,
				E4AA7C302C592B78000C83D0 /* LightRedGradient.swift */,
				E4AA7C322C592B89000C83D0 /* LightYellowGradient.swift */,
			);
			path = Backgrounds;
			sourceTree = "<group>";
		};
		E4AFD9472C6767C100DB57D4 /* BarChart */ = {
			isa = PBXGroup;
			children = (
				E4AFD9432C6767C100DB57D4 /* BarChartCell.swift */,
				E4AFD9442C6767C100DB57D4 /* BarChartRow.swift */,
				E4AFD9452C6767C100DB57D4 /* BarChartView.swift */,
				E4AFD9462C6767C100DB57D4 /* LabelView.swift */,
			);
			path = BarChart;
			sourceTree = "<group>";
		};
		E4AFD9502C6767C100DB57D4 /* LineChart */ = {
			isa = PBXGroup;
			children = (
				E4AFD9482C6767C100DB57D4 /* IndicatorPoint.swift */,
				E4AFD9492C6767C100DB57D4 /* Legend.swift */,
				E4AFD94A2C6767C100DB57D4 /* ChartLine.swift */,
				E4AFD94B2C6767C100DB57D4 /* LineChartView.swift */,
				E4AFD94C2C6767C100DB57D4 /* LineView.swift */,
				E4AFD94D2C6767C100DB57D4 /* MagnifierRect.swift */,
				E4AFD94E2C6767C100DB57D4 /* MultiLineChartView.swift */,
				E4AFD94F2C6767C100DB57D4 /* Path+QuadCurve.swift */,
			);
			path = LineChart;
			sourceTree = "<group>";
		};
		E4AFD9552C6767C100DB57D4 /* PieChart */ = {
			isa = PBXGroup;
			children = (
				E4AFD9512C6767C100DB57D4 /* PieChartCell.swift */,
				E4AFD9522C6767C100DB57D4 /* PieChartHelpers.swift */,
				E4AFD9532C6767C100DB57D4 /* PieChartRow.swift */,
				E4AFD9542C6767C100DB57D4 /* PieChartView.swift */,
			);
			path = PieChart;
			sourceTree = "<group>";
		};
		E4AFD9572C6767C100DB57D4 /* Charts */ = {
			isa = PBXGroup;
			children = (
				E426B5FA2CB4E99A00F6BA26 /* RBarChart */,
				E4AFD9472C6767C100DB57D4 /* BarChart */,
				E4AFD9502C6767C100DB57D4 /* LineChart */,
				E4AFD9552C6767C100DB57D4 /* PieChart */,
				E4AFD9562C6767C100DB57D4 /* Helpers.swift */,
			);
			path = Charts;
			sourceTree = "<group>";
		};
		E4AFD9692C68ACA800DB57D4 /* Model */ = {
			isa = PBXGroup;
			children = (
				E4AFD9722C6909D900DB57D4 /* Helpers */,
				E480908C2CAA9C130027AF12 /* Main */,
			);
			path = Model;
			sourceTree = "<group>";
		};
		E4AFD9722C6909D900DB57D4 /* Helpers */ = {
			isa = PBXGroup;
			children = (
				E4B24EF82C6CA4F6009CF592 /* ResultsProtocol.swift */,
				E4B24EF62C6C9A63009CF592 /* URLManager.swift */,
				E4AFD96C2C68C4BC00DB57D4 /* ProductQuality.swift */,
				E40A4EF82C52359C00167FBD /* ErrorCases.swift */,
			);
			path = Helpers;
			sourceTree = "<group>";
		};
		E4B24EFA2C6CB3A9009CF592 /* Extensions */ = {
			isa = PBXGroup;
			children = (
				E441FBF52C6366CE0081317B /* FileManagerExtension.swift */,
				E4AFD8FD2C63DB1300DB57D4 /* UserDefaultsExtension.swift */,
				E441FBF92C639FAD0081317B /* BindingExtension.swift */,
				E42FB57B2C6A14400092C09F /* StringExtension.swift */,
				E48090842CA7F68B0027AF12 /* ColorExtension.swift */,
			);
			path = Extensions;
			sourceTree = "<group>";
		};
		E4B24EFB2C6CB3D8009CF592 /* ComponentViews */ = {
			isa = PBXGroup;
			children = (
				E4AA7C2F2C592B19000C83D0 /* Backgrounds */,
				E4AFD9102C66169A00DB57D4 /* SemiCircle.swift */,
				E4AFD9122C661E8400DB57D4 /* ShowIndicatorView.swift */,
				E4AFD96A2C68C43600DB57D4 /* LoadingView.swift */,
				E4AFD9702C68CE0B00DB57D4 /* NutriLabelView.swift */,
				E4AFD90B2C65F9AB00DB57D4 /* MyDefaultPressableButton.swift */,
				E401352F2C6DDF8800280207 /* AddButtonView.swift */,
			);
			path = ComponentViews;
			sourceTree = "<group>";
		};
/* End PBXGroup section */

/* Begin PBXNativeTarget section */
		E4A955842C3C5980009D7F11 /* YukaAI */ = {
			isa = PBXNativeTarget;
			buildConfigurationList = E4A955A92C3C5982009D7F11 /* Build configuration list for PBXNativeTarget "YukaAI" */;
			buildPhases = (
				E4A955812C3C5980009D7F11 /* Sources */,
				E4A955822C3C5980009D7F11 /* Frameworks */,
				E4A955832C3C5980009D7F11 /* Resources */,
			);
			buildRules = (
			);
			dependencies = (
			);
			name = YukaAI;
			packageProductDependencies = (
				E4AA7C3C2C5A0F5B000C83D0 /* OpenAI */,
			);
			productName = YukaAI;
			productReference = E430142A2CAB18060070383C /* YukaAI.app */;
			productType = "com.apple.product-type.application";
		};
/* End PBXNativeTarget section */

/* Begin PBXProject section */
		E4A9557D2C3C5980009D7F11 /* Project object */ = {
			isa = PBXProject;
			attributes = {
				BuildIndependentTargetsInParallel = 1;
				LastSwiftUpdateCheck = 1540;
				LastUpgradeCheck = 1600;
				TargetAttributes = {
					E4A955842C3C5980009D7F11 = {
						CreatedOnToolsVersion = 15.4;
					};
				};
			};
			buildConfigurationList = E4A955802C3C5980009D7F11 /* Build configuration list for PBXProject "YukaAI" */;
			compatibilityVersion = "Xcode 14.0";
			developmentRegion = en;
			hasScannedForEncodings = 0;
			knownRegions = (
				en,
				Base,
			);
			mainGroup = E4A9557C2C3C5980009D7F11;
			packageReferences = (
				E4AA7C3B2C5A0F5B000C83D0 /* XCRemoteSwiftPackageReference "OpenAI" */,
			);
			productRefGroup = E4A9557C2C3C5980009D7F11;
			projectDirPath = "";
			projectRoot = "";
			targets = (
				E4A955842C3C5980009D7F11 /* YukaAI */,
			);
		};
/* End PBXProject section */

/* Begin PBXResourcesBuildPhase section */
		E4A955832C3C5980009D7F11 /* Resources */ = {
			isa = PBXResourcesBuildPhase;
			buildActionMask = 2147483647;
			files = (
				E42FB57A2C6936350092C09F /* GoogleService-Info.plist in Resources */,
				E4A955902C3C5982009D7F11 /* Preview Assets.xcassets in Resources */,
				E4A9558D2C3C5982009D7F11 /* Assets.xcassets in Resources */,
			);
			runOnlyForDeploymentPostprocessing = 0;
		};
/* End PBXResourcesBuildPhase section */

/* Begin PBXSourcesBuildPhase section */
		E4A955812C3C5980009D7F11 /* Sources */ = {
			isa = PBXSourcesBuildPhase;
			buildActionMask = 2147483647;
			files = (
				E40A4F012C52A3F700167FBD /* TestView.swift in Sources */,
				E4AA7C432C5A9924000C83D0 /* AssistantVM.swift in Sources */,
				E42FB57E2C6B98170092C09F /* SubmitImageView.swift in Sources */,
				E40A4EED2C4FFDA700167FBD /* BarcodeScannerView.swift in Sources */,
				E4B24EF92C6CA4F6009CF592 /* ResultsProtocol.swift in Sources */,
				E48090962CAAE6FC0027AF12 /* PremiumIconView.swift in Sources */,
				E45956482C4C313C000B5058 /* DataManager.swift in Sources */,
				E426B5F72CAD0E3D00F6BA26 /* BarcodeFrameView.swift in Sources */,
				E4AA7C3F2C5A19A6000C83D0 /* AssistantView.swift in Sources */,
				E426B5F52CAC50BF00F6BA26 /* CameraZoneFrameView.swift in Sources */,
				E441FBF82C636B930081317B /* CartViewModel.swift in Sources */,
				E426B5EF2CAC2C1B00F6BA26 /* TempHintView.swift in Sources */,
				E44101552C99A6BC00326C3A /* AnimatedBackgroundView.swift in Sources */,
				E42FB5812C6B986E0092C09F /* ImageModel.swift in Sources */,
				E40A4EF72C515CCC00167FBD /* WelcomeView.swift in Sources */,
				E4AFD9042C64B3A600DB57D4 /* HapticManager.swift in Sources */,
				E480907D2CA5B6F70027AF12 /* OnboardingImageView.swift in Sources */,
				E4AFD9172C66495600DB57D4 /* NavButtonView.swift in Sources */,
				E40A4EE92C4FFBA100167FBD /* BarcodeScannerViewModel.swift in Sources */,
				E4AA7C312C592B78000C83D0 /* LightRedGradient.swift in Sources */,
				E4AFD90C2C65F9AB00DB57D4 /* MyDefaultPressableButton.swift in Sources */,
				E4B24EFF2C6CB852009CF592 /* AuthViewModel.swift in Sources */,
				E441014D2C96A72700326C3A /* SubscriptionButtonView.swift in Sources */,
				E44101592C99E06F00326C3A /* OnboardingView.swift in Sources */,
				E459566F2C4E76A8000B5058 /* HistoryView.swift in Sources */,
				E4AA7C412C5A22E6000C83D0 /* Constants.swift in Sources */,
				E4B24EF32C6C92E5009CF592 /* LocalResults.swift in Sources */,
				E40A4EEB2C4FFCAF00167FBD /* DataScannerView.swift in Sources */,
				E42FB57C2C6A14400092C09F /* StringExtension.swift in Sources */,
				E441FBFA2C639FAD0081317B /* BindingExtension.swift in Sources */,
				E4AFD9712C68CE0B00DB57D4 /* NutriLabelView.swift in Sources */,
				E40A4EF92C52359C00167FBD /* ErrorCases.swift in Sources */,
				E4A9558B2C3C5980009D7F11 /* HomeView.swift in Sources */,
				E40A4F102C5424BC00167FBD /* GlobalResults.swift in Sources */,
				E459565B2C4D5A8C000B5058 /* ProductItemView.swift in Sources */,
				E430142C2CAC293E0070383C /* PremiumOldIconView.swift in Sources */,
				E4AA7C2C2C58CE9A000C83D0 /* ProductItemVM.swift in Sources */,
				E4AFD9112C66169A00DB57D4 /* SemiCircle.swift in Sources */,
				E4B24EFD2C6CB403009CF592 /* AuthenticationManager.swift in Sources */,
				E40A4F0A2C541AC300167FBD /* GreenGradient.swift in Sources */,
				E48090932CAAAE960027AF12 /* CornerIconWInfoView.swift in Sources */,
				E4AFD8FE2C63DB1300DB57D4 /* UserDefaultsExtension.swift in Sources */,
				E45956712C4FB3C1000B5058 /* ConnectionView.swift in Sources */,
				E44101492C96A68B00326C3A /* SubscriptionHeaderView.swift in Sources */,
				E45956612C4E1355000B5058 /* HealthManager.swift in Sources */,
				E40A4F0C2C541BFC00167FBD /* ProfileView.swift in Sources */,
				E425DDBE2C6D0CE400A8AC94 /* AssistantToolbar.swift in Sources */,
				E4AA7C2E2C5929F5000C83D0 /* LightGreenGradient.swift in Sources */,
				E44101472C96A0C000326C3A /* TitleLabelView.swift in Sources */,
				E48090912CAAA5650027AF12 /* CornerIconView.swift in Sources */,
				E4B24EF72C6C9A63009CF592 /* URLManager.swift in Sources */,
				E426B5F32CAC4C7E00F6BA26 /* TakePhotoButtonView.swift in Sources */,
				E426B5FE2CB4EB1E00F6BA26 /* RBarChartView.swift in Sources */,
				E480908F2CAAA3AD0027AF12 /* BottomContainer.swift in Sources */,
				E40A4EF52C51500400167FBD /* CreateUserView.swift in Sources */,
				E40A4EF12C513D6D00167FBD /* IntroView.swift in Sources */,
				E44101572C99D36E00326C3A /* OnboardingPanelView.swift in Sources */,
				E48090852CA7F68B0027AF12 /* ColorExtension.swift in Sources */,
				E4AFD90E2C660F8100DB57D4 /* AssistantFileManager.swift in Sources */,
				E426B5FC2CB4EA2A00F6BA26 /* RBarChartGround.swift in Sources */,
				E40A4EFF2C5293EC00167FBD /* SignInView.swift in Sources */,
				E40A4EF32C51462900167FBD /* LogInView.swift in Sources */,
				E4A955892C3C5980009D7F11 /* YukaAIApp.swift in Sources */,
				E40A4F052C53C22E00167FBD /* ProductItem.swift in Sources */,
				E4AFD96D2C68C4BC00DB57D4 /* ProductQuality.swift in Sources */,
				E441FBF62C6366CE0081317B /* FileManagerExtension.swift in Sources */,
				E4AFD9062C64DCF900DB57D4 /* HelperBottomSectionView.swift in Sources */,
				E4AA7C332C592B89000C83D0 /* LightYellowGradient.swift in Sources */,
				E4AFD9582C6767C100DB57D4 /* PieChartCell.swift in Sources */,
				E426B5F92CAD287300F6BA26 /* PremiumButtonView.swift in Sources */,
				E441014F2C96A76C00326C3A /* SubscriptionFooterView.swift in Sources */,
				E4AFD9592C6767C100DB57D4 /* BarChartView.swift in Sources */,
				E4AFD95A2C6767C100DB57D4 /* LineChartView.swift in Sources */,
				E44101432C969D7B00326C3A /* SubsciptionView.swift in Sources */,
				E4AFD95B2C6767C100DB57D4 /* MagnifierRect.swift in Sources */,
				E480907B2CA5B6220027AF12 /* PaywallView.swift in Sources */,
				E4AFD95C2C6767C100DB57D4 /* MultiLineChartView.swift in Sources */,
				E4AFD95D2C6767C100DB57D4 /* BarChartRow.swift in Sources */,
				E426B5F12CAC383100F6BA26 /* HintView.swift in Sources */,
				E4AFD95E2C6767C100DB57D4 /* LineView.swift in Sources */,
				E4AFD95F2C6767C100DB57D4 /* Helpers.swift in Sources */,
				E441014B2C96A6CC00326C3A /* SubscriptionFeatureListView.swift in Sources */,
				E4AFD9602C6767C100DB57D4 /* Legend.swift in Sources */,
				E4AFD9612C6767C100DB57D4 /* ChartLine.swift in Sources */,
				E48090792CA5A09A0027AF12 /* OnboardingTransitionView.swift in Sources */,
				E40135302C6DDF8800280207 /* AddButtonView.swift in Sources */,
				E4AFD9622C6767C100DB57D4 /* PieChartView.swift in Sources */,
				E4AFD9632C6767C100DB57D4 /* BarChartCell.swift in Sources */,
				E4AFD9642C6767C100DB57D4 /* PieChartHelpers.swift in Sources */,
				E4AFD9652C6767C100DB57D4 /* PieChartRow.swift in Sources */,
				E4AFD96B2C68C43600DB57D4 /* LoadingView.swift in Sources */,
				E4AFD9662C6767C100DB57D4 /* Path+QuadCurve.swift in Sources */,
				E4AFD9672C6767C100DB57D4 /* LabelView.swift in Sources */,
				E4AFD9682C6767C100DB57D4 /* IndicatorPoint.swift in Sources */,
				E45956682C4E1908000B5058 /* StatsView.swift in Sources */,
				E4AFD90A2C64FB4F00DB57D4 /* AssistantAdviceView.swift in Sources */,
				E4AFD9132C661E8400DB57D4 /* ShowIndicatorView.swift in Sources */,
				E45956662C4E1548000B5058 /* HealthView.swift in Sources */,
			);
			runOnlyForDeploymentPostprocessing = 0;
		};
/* End PBXSourcesBuildPhase section */

/* Begin XCBuildConfiguration section */
		E4A955A72C3C5982009D7F11 /* Debug */ = {
			isa = XCBuildConfiguration;
			buildSettings = {
				ALWAYS_SEARCH_USER_PATHS = NO;
				ASSETCATALOG_COMPILER_GENERATE_SWIFT_ASSET_SYMBOL_EXTENSIONS = YES;
				CLANG_ANALYZER_NONNULL = YES;
				CLANG_ANALYZER_NUMBER_OBJECT_CONVERSION = YES_AGGRESSIVE;
				CLANG_CXX_LANGUAGE_STANDARD = "gnu++20";
				CLANG_ENABLE_MODULES = YES;
				CLANG_ENABLE_OBJC_ARC = YES;
				CLANG_ENABLE_OBJC_WEAK = YES;
				CLANG_WARN_BLOCK_CAPTURE_AUTORELEASING = YES;
				CLANG_WARN_BOOL_CONVERSION = YES;
				CLANG_WARN_COMMA = YES;
				CLANG_WARN_CONSTANT_CONVERSION = YES;
				CLANG_WARN_DEPRECATED_OBJC_IMPLEMENTATIONS = YES;
				CLANG_WARN_DIRECT_OBJC_ISA_USAGE = YES_ERROR;
				CLANG_WARN_DOCUMENTATION_COMMENTS = YES;
				CLANG_WARN_EMPTY_BODY = YES;
				CLANG_WARN_ENUM_CONVERSION = YES;
				CLANG_WARN_INFINITE_RECURSION = YES;
				CLANG_WARN_INT_CONVERSION = YES;
				CLANG_WARN_NON_LITERAL_NULL_CONVERSION = YES;
				CLANG_WARN_OBJC_IMPLICIT_RETAIN_SELF = YES;
				CLANG_WARN_OBJC_LITERAL_CONVERSION = YES;
				CLANG_WARN_OBJC_ROOT_CLASS = YES_ERROR;
				CLANG_WARN_QUOTED_INCLUDE_IN_FRAMEWORK_HEADER = YES;
				CLANG_WARN_RANGE_LOOP_ANALYSIS = YES;
				CLANG_WARN_STRICT_PROTOTYPES = YES;
				CLANG_WARN_SUSPICIOUS_MOVE = YES;
				CLANG_WARN_UNGUARDED_AVAILABILITY = YES_AGGRESSIVE;
				CLANG_WARN_UNREACHABLE_CODE = YES;
				CLANG_WARN__DUPLICATE_METHOD_MATCH = YES;
				COPY_PHASE_STRIP = NO;
				DEBUG_INFORMATION_FORMAT = dwarf;
				ENABLE_STRICT_OBJC_MSGSEND = YES;
				ENABLE_TESTABILITY = YES;
				ENABLE_USER_SCRIPT_SANDBOXING = YES;
				GCC_C_LANGUAGE_STANDARD = gnu17;
				GCC_DYNAMIC_NO_PIC = NO;
				GCC_NO_COMMON_BLOCKS = YES;
				GCC_OPTIMIZATION_LEVEL = 0;
				GCC_PREPROCESSOR_DEFINITIONS = (
					"DEBUG=1",
					"$(inherited)",
				);
				GCC_WARN_64_TO_32_BIT_CONVERSION = YES;
				GCC_WARN_ABOUT_RETURN_TYPE = YES_ERROR;
				GCC_WARN_UNDECLARED_SELECTOR = YES;
				GCC_WARN_UNINITIALIZED_AUTOS = YES_AGGRESSIVE;
				GCC_WARN_UNUSED_FUNCTION = YES;
				GCC_WARN_UNUSED_VARIABLE = YES;
				IPHONEOS_DEPLOYMENT_TARGET = 16.6;
				LOCALIZATION_PREFERS_STRING_CATALOGS = YES;
				MTL_ENABLE_DEBUG_INFO = INCLUDE_SOURCE;
				MTL_FAST_MATH = YES;
				ONLY_ACTIVE_ARCH = YES;
				SDKROOT = iphoneos;
				SWIFT_ACTIVE_COMPILATION_CONDITIONS = "DEBUG $(inherited)";
				SWIFT_OPTIMIZATION_LEVEL = "-Onone";
			};
			name = Debug;
		};
		E4A955A82C3C5982009D7F11 /* Release */ = {
			isa = XCBuildConfiguration;
			buildSettings = {
				ALWAYS_SEARCH_USER_PATHS = NO;
				ASSETCATALOG_COMPILER_GENERATE_SWIFT_ASSET_SYMBOL_EXTENSIONS = YES;
				CLANG_ANALYZER_NONNULL = YES;
				CLANG_ANALYZER_NUMBER_OBJECT_CONVERSION = YES_AGGRESSIVE;
				CLANG_CXX_LANGUAGE_STANDARD = "gnu++20";
				CLANG_ENABLE_MODULES = YES;
				CLANG_ENABLE_OBJC_ARC = YES;
				CLANG_ENABLE_OBJC_WEAK = YES;
				CLANG_WARN_BLOCK_CAPTURE_AUTORELEASING = YES;
				CLANG_WARN_BOOL_CONVERSION = YES;
				CLANG_WARN_COMMA = YES;
				CLANG_WARN_CONSTANT_CONVERSION = YES;
				CLANG_WARN_DEPRECATED_OBJC_IMPLEMENTATIONS = YES;
				CLANG_WARN_DIRECT_OBJC_ISA_USAGE = YES_ERROR;
				CLANG_WARN_DOCUMENTATION_COMMENTS = YES;
				CLANG_WARN_EMPTY_BODY = YES;
				CLANG_WARN_ENUM_CONVERSION = YES;
				CLANG_WARN_INFINITE_RECURSION = YES;
				CLANG_WARN_INT_CONVERSION = YES;
				CLANG_WARN_NON_LITERAL_NULL_CONVERSION = YES;
				CLANG_WARN_OBJC_IMPLICIT_RETAIN_SELF = YES;
				CLANG_WARN_OBJC_LITERAL_CONVERSION = YES;
				CLANG_WARN_OBJC_ROOT_CLASS = YES_ERROR;
				CLANG_WARN_QUOTED_INCLUDE_IN_FRAMEWORK_HEADER = YES;
				CLANG_WARN_RANGE_LOOP_ANALYSIS = YES;
				CLANG_WARN_STRICT_PROTOTYPES = YES;
				CLANG_WARN_SUSPICIOUS_MOVE = YES;
				CLANG_WARN_UNGUARDED_AVAILABILITY = YES_AGGRESSIVE;
				CLANG_WARN_UNREACHABLE_CODE = YES;
				CLANG_WARN__DUPLICATE_METHOD_MATCH = YES;
				COPY_PHASE_STRIP = NO;
				DEBUG_INFORMATION_FORMAT = "dwarf-with-dsym";
				ENABLE_NS_ASSERTIONS = NO;
				ENABLE_STRICT_OBJC_MSGSEND = YES;
				ENABLE_USER_SCRIPT_SANDBOXING = YES;
				GCC_C_LANGUAGE_STANDARD = gnu17;
				GCC_NO_COMMON_BLOCKS = YES;
				GCC_WARN_64_TO_32_BIT_CONVERSION = YES;
				GCC_WARN_ABOUT_RETURN_TYPE = YES_ERROR;
				GCC_WARN_UNDECLARED_SELECTOR = YES;
				GCC_WARN_UNINITIALIZED_AUTOS = YES_AGGRESSIVE;
				GCC_WARN_UNUSED_FUNCTION = YES;
				GCC_WARN_UNUSED_VARIABLE = YES;
				IPHONEOS_DEPLOYMENT_TARGET = 16.6;
				LOCALIZATION_PREFERS_STRING_CATALOGS = YES;
				MTL_ENABLE_DEBUG_INFO = NO;
				MTL_FAST_MATH = YES;
				SDKROOT = iphoneos;
				SWIFT_COMPILATION_MODE = wholemodule;
				VALIDATE_PRODUCT = YES;
			};
			name = Release;
		};
		E4A955AA2C3C5982009D7F11 /* Debug */ = {
			isa = XCBuildConfiguration;
			buildSettings = {
				ASSETCATALOG_COMPILER_APPICON_NAME = AppIcon;
				ASSETCATALOG_COMPILER_GLOBAL_ACCENT_COLOR_NAME = AccentColor;
				ASSETCATALOG_COMPILER_INCLUDE_ALL_APPICON_ASSETS = NO;
				CODE_SIGN_ENTITLEMENTS = YukaAI/Resources/YukaAI.entitlements;
				CODE_SIGN_IDENTITY = "Apple Development";
				CODE_SIGN_STYLE = Automatic;
				CURRENT_PROJECT_VERSION = 1;
				DEBUG_INFORMATION_FORMAT = "dwarf-with-dsym";
				DEVELOPMENT_ASSET_PATHS = "\"YukaAI/Resources/Preview Content\"";
				DEVELOPMENT_TEAM = R9985Q9W5Q;
				ENABLE_PREVIEWS = YES;
				GENERATE_INFOPLIST_FILE = YES;
				INFOPLIST_FILE = YukaAI/Resources/Info.plist;
				INFOPLIST_KEY_LSApplicationCategoryType = "public.app-category.food-and-drink";
				INFOPLIST_KEY_NSCameraUsageDescription = "We need to scan QR codes";
				INFOPLIST_KEY_NSHealthShareUsageDescription = "To read the health data and show it in the application.";
				INFOPLIST_KEY_UIApplicationSceneManifest_Generation = YES;
				INFOPLIST_KEY_UIApplicationSupportsIndirectInputEvents = YES;
				INFOPLIST_KEY_UISupportedInterfaceOrientations = UIInterfaceOrientationPortrait;
				IPHONEOS_DEPLOYMENT_TARGET = 16.0;
				LD_RUNPATH_SEARCH_PATHS = (
					"$(inherited)",
					"@executable_path/Frameworks",
				);
				MARKETING_VERSION = 1.0;
				PRODUCT_BUNDLE_IDENTIFIER = com.taranik.YucaAI;
				PRODUCT_NAME = "$(TARGET_NAME)";
				PROVISIONING_PROFILE_SPECIFIER = "";
				SWIFT_EMIT_LOC_STRINGS = YES;
				SWIFT_VERSION = 5.0;
				TARGETED_DEVICE_FAMILY = "1,2";
			};
			name = Debug;
		};
		E4A955AB2C3C5982009D7F11 /* Release */ = {
			isa = XCBuildConfiguration;
			buildSettings = {
				ASSETCATALOG_COMPILER_APPICON_NAME = AppIcon;
				ASSETCATALOG_COMPILER_GLOBAL_ACCENT_COLOR_NAME = AccentColor;
				ASSETCATALOG_COMPILER_INCLUDE_ALL_APPICON_ASSETS = NO;
				CODE_SIGN_ENTITLEMENTS = YukaAI/Resources/YukaAI.entitlements;
				CODE_SIGN_IDENTITY = "Apple Development";
				CODE_SIGN_STYLE = Automatic;
				CURRENT_PROJECT_VERSION = 1;
				DEBUG_INFORMATION_FORMAT = "dwarf-with-dsym";
				DEVELOPMENT_ASSET_PATHS = "\"YukaAI/Resources/Preview Content\"";
				DEVELOPMENT_TEAM = R9985Q9W5Q;
				ENABLE_PREVIEWS = YES;
				GENERATE_INFOPLIST_FILE = YES;
				INFOPLIST_FILE = YukaAI/Resources/Info.plist;
				INFOPLIST_KEY_LSApplicationCategoryType = "public.app-category.food-and-drink";
				INFOPLIST_KEY_NSCameraUsageDescription = "We need to scan QR codes";
				INFOPLIST_KEY_NSHealthShareUsageDescription = "To read the health data and show it in the application.";
				INFOPLIST_KEY_UIApplicationSceneManifest_Generation = YES;
				INFOPLIST_KEY_UIApplicationSupportsIndirectInputEvents = YES;
				INFOPLIST_KEY_UISupportedInterfaceOrientations = UIInterfaceOrientationPortrait;
				IPHONEOS_DEPLOYMENT_TARGET = 16.0;
				LD_RUNPATH_SEARCH_PATHS = (
					"$(inherited)",
					"@executable_path/Frameworks",
				);
				MARKETING_VERSION = 1.0;
				PRODUCT_BUNDLE_IDENTIFIER = com.taranik.YucaAI;
				PRODUCT_NAME = "$(TARGET_NAME)";
				PROVISIONING_PROFILE_SPECIFIER = "";
				SWIFT_EMIT_LOC_STRINGS = YES;
				SWIFT_VERSION = 5.0;
				TARGETED_DEVICE_FAMILY = "1,2";
			};
			name = Release;
		};
/* End XCBuildConfiguration section */

/* Begin XCConfigurationList section */
		E4A955802C3C5980009D7F11 /* Build configuration list for PBXProject "YukaAI" */ = {
			isa = XCConfigurationList;
			buildConfigurations = (
				E4A955A72C3C5982009D7F11 /* Debug */,
				E4A955A82C3C5982009D7F11 /* Release */,
			);
			defaultConfigurationIsVisible = 0;
			defaultConfigurationName = Release;
		};
		E4A955A92C3C5982009D7F11 /* Build configuration list for PBXNativeTarget "YukaAI" */ = {
			isa = XCConfigurationList;
			buildConfigurations = (
				E4A955AA2C3C5982009D7F11 /* Debug */,
				E4A955AB2C3C5982009D7F11 /* Release */,
			);
			defaultConfigurationIsVisible = 0;
			defaultConfigurationName = Release;
		};
/* End XCConfigurationList section */

/* Begin XCRemoteSwiftPackageReference section */
		E4AA7C3B2C5A0F5B000C83D0 /* XCRemoteSwiftPackageReference "OpenAI" */ = {
			isa = XCRemoteSwiftPackageReference;
			repositoryURL = "https://github.com/MacPaw/OpenAI";
			requirement = {
				kind = upToNextMajorVersion;
				minimumVersion = 0.3.0;
			};
		};
/* End XCRemoteSwiftPackageReference section */

/* Begin XCSwiftPackageProductDependency section */
		E4AA7C3C2C5A0F5B000C83D0 /* OpenAI */ = {
			isa = XCSwiftPackageProductDependency;
			package = E4AA7C3B2C5A0F5B000C83D0 /* XCRemoteSwiftPackageReference "OpenAI" */;
			productName = OpenAI;
		};
/* End XCSwiftPackageProductDependency section */
	};
	rootObject = E4A9557D2C3C5980009D7F11 /* Project object */;
}
